// !$*UTF8*$!
{
	archiveVersion = 1;
	classes = {
	};
	objectVersion = 55;
	objects = {

/* Begin PBXBuildFile section */
		BE5BD12C286CC62F00572617 /* TaskListVCTests.swift in Sources */ = {isa = PBXBuildFile; fileRef = BE5BD12B286CC62F00572617 /* TaskListVCTests.swift */; };
		BE5BD12E286CCA2F00572617 /* DataProvider.swift in Sources */ = {isa = PBXBuildFile; fileRef = BE5BD12D286CCA2F00572617 /* DataProvider.swift */; };
		BE5BD130286CCE3100572617 /* DataProviderTests.swift in Sources */ = {isa = PBXBuildFile; fileRef = BE5BD12F286CCE3100572617 /* DataProviderTests.swift */; };
		BE5BD132286CD44E00572617 /* TaskCell.swift in Sources */ = {isa = PBXBuildFile; fileRef = BE5BD131286CD44E00572617 /* TaskCell.swift */; };
		BE5BD135286DB42100572617 /* TaskCellTests.swift in Sources */ = {isa = PBXBuildFile; fileRef = BE5BD134286DB42100572617 /* TaskCellTests.swift */; };
		BEF47185286C79AB00509B8D /* AppDelegate.swift in Sources */ = {isa = PBXBuildFile; fileRef = BEF47184286C79AB00509B8D /* AppDelegate.swift */; };
		BEF47187286C79AB00509B8D /* SceneDelegate.swift in Sources */ = {isa = PBXBuildFile; fileRef = BEF47186286C79AB00509B8D /* SceneDelegate.swift */; };
		BEF47189286C79AB00509B8D /* TaskListVC.swift in Sources */ = {isa = PBXBuildFile; fileRef = BEF47188286C79AB00509B8D /* TaskListVC.swift */; };
		BEF4718C286C79AB00509B8D /* Main.storyboard in Resources */ = {isa = PBXBuildFile; fileRef = BEF4718A286C79AB00509B8D /* Main.storyboard */; };
		BEF4718E286C79AF00509B8D /* Assets.xcassets in Resources */ = {isa = PBXBuildFile; fileRef = BEF4718D286C79AF00509B8D /* Assets.xcassets */; };
		BEF47191286C79AF00509B8D /* LaunchScreen.storyboard in Resources */ = {isa = PBXBuildFile; fileRef = BEF4718F286C79AF00509B8D /* LaunchScreen.storyboard */; };
		BEF4719C286C79B000509B8D /* ToDoAppTests.swift in Sources */ = {isa = PBXBuildFile; fileRef = BEF4719B286C79B000509B8D /* ToDoAppTests.swift */; };
		BEF471A6286C79B000509B8D /* ToDoAppUITests.swift in Sources */ = {isa = PBXBuildFile; fileRef = BEF471A5286C79B000509B8D /* ToDoAppUITests.swift */; };
		BEF471A8286C79B000509B8D /* ToDoAppUITestsLaunchTests.swift in Sources */ = {isa = PBXBuildFile; fileRef = BEF471A7286C79B000509B8D /* ToDoAppUITestsLaunchTests.swift */; };
		BEF471B8286C7A8400509B8D /* TaskTests.swift in Sources */ = {isa = PBXBuildFile; fileRef = BEF471B7286C7A8400509B8D /* TaskTests.swift */; };
		BEF471BB286C7B0400509B8D /* Task.swift in Sources */ = {isa = PBXBuildFile; fileRef = BEF471BA286C7B0400509B8D /* Task.swift */; };
		BEF471BD286C7F4500509B8D /* Location.swift in Sources */ = {isa = PBXBuildFile; fileRef = BEF471BC286C7F4500509B8D /* Location.swift */; };
		BEF471BF286C803C00509B8D /* LocationTests.swift in Sources */ = {isa = PBXBuildFile; fileRef = BEF471BE286C803C00509B8D /* LocationTests.swift */; };
		BEF471C2286C86C800509B8D /* TaskManagerTests.swift in Sources */ = {isa = PBXBuildFile; fileRef = BEF471C1286C86C800509B8D /* TaskManagerTests.swift */; };
		BEF471C5286C871B00509B8D /* TaskManager.swift in Sources */ = {isa = PBXBuildFile; fileRef = BEF471C4286C871B00509B8D /* TaskManager.swift */; };
/* End PBXBuildFile section */

/* Begin PBXContainerItemProxy section */
		BEF47198286C79B000509B8D /* PBXContainerItemProxy */ = {
			isa = PBXContainerItemProxy;
			containerPortal = BEF47179286C79AB00509B8D /* Project object */;
			proxyType = 1;
			remoteGlobalIDString = BEF47180286C79AB00509B8D;
			remoteInfo = ToDoApp;
		};
		BEF471A2286C79B000509B8D /* PBXContainerItemProxy */ = {
			isa = PBXContainerItemProxy;
			containerPortal = BEF47179286C79AB00509B8D /* Project object */;
			proxyType = 1;
			remoteGlobalIDString = BEF47180286C79AB00509B8D;
			remoteInfo = ToDoApp;
		};
/* End PBXContainerItemProxy section */

/* Begin PBXFileReference section */
		BE5BD12B286CC62F00572617 /* TaskListVCTests.swift */ = {isa = PBXFileReference; lastKnownFileType = sourcecode.swift; path = TaskListVCTests.swift; sourceTree = "<group>"; };
		BE5BD12D286CCA2F00572617 /* DataProvider.swift */ = {isa = PBXFileReference; lastKnownFileType = sourcecode.swift; path = DataProvider.swift; sourceTree = "<group>"; };
		BE5BD12F286CCE3100572617 /* DataProviderTests.swift */ = {isa = PBXFileReference; lastKnownFileType = sourcecode.swift; path = DataProviderTests.swift; sourceTree = "<group>"; };
		BE5BD131286CD44E00572617 /* TaskCell.swift */ = {isa = PBXFileReference; lastKnownFileType = sourcecode.swift; path = TaskCell.swift; sourceTree = "<group>"; };
		BE5BD134286DB42100572617 /* TaskCellTests.swift */ = {isa = PBXFileReference; lastKnownFileType = sourcecode.swift; path = TaskCellTests.swift; sourceTree = "<group>"; };
		BEF47181286C79AB00509B8D /* ToDoApp.app */ = {isa = PBXFileReference; explicitFileType = wrapper.application; includeInIndex = 0; path = ToDoApp.app; sourceTree = BUILT_PRODUCTS_DIR; };
		BEF47184286C79AB00509B8D /* AppDelegate.swift */ = {isa = PBXFileReference; lastKnownFileType = sourcecode.swift; path = AppDelegate.swift; sourceTree = "<group>"; };
		BEF47186286C79AB00509B8D /* SceneDelegate.swift */ = {isa = PBXFileReference; lastKnownFileType = sourcecode.swift; path = SceneDelegate.swift; sourceTree = "<group>"; };
		BEF47188286C79AB00509B8D /* TaskListVC.swift */ = {isa = PBXFileReference; lastKnownFileType = sourcecode.swift; path = TaskListVC.swift; sourceTree = "<group>"; };
		BEF4718B286C79AB00509B8D /* Base */ = {isa = PBXFileReference; lastKnownFileType = file.storyboard; name = Base; path = Base.lproj/Main.storyboard; sourceTree = "<group>"; };
		BEF4718D286C79AF00509B8D /* Assets.xcassets */ = {isa = PBXFileReference; lastKnownFileType = folder.assetcatalog; path = Assets.xcassets; sourceTree = "<group>"; };
		BEF47190286C79AF00509B8D /* Base */ = {isa = PBXFileReference; lastKnownFileType = file.storyboard; name = Base; path = Base.lproj/LaunchScreen.storyboard; sourceTree = "<group>"; };
		BEF47192286C79AF00509B8D /* Info.plist */ = {isa = PBXFileReference; lastKnownFileType = text.plist.xml; path = Info.plist; sourceTree = "<group>"; };
		BEF47197286C79B000509B8D /* ToDoAppTests.xctest */ = {isa = PBXFileReference; explicitFileType = wrapper.cfbundle; includeInIndex = 0; path = ToDoAppTests.xctest; sourceTree = BUILT_PRODUCTS_DIR; };
		BEF4719B286C79B000509B8D /* ToDoAppTests.swift */ = {isa = PBXFileReference; lastKnownFileType = sourcecode.swift; path = ToDoAppTests.swift; sourceTree = "<group>"; };
		BEF471A1286C79B000509B8D /* ToDoAppUITests.xctest */ = {isa = PBXFileReference; explicitFileType = wrapper.cfbundle; includeInIndex = 0; path = ToDoAppUITests.xctest; sourceTree = BUILT_PRODUCTS_DIR; };
		BEF471A5286C79B000509B8D /* ToDoAppUITests.swift */ = {isa = PBXFileReference; lastKnownFileType = sourcecode.swift; path = ToDoAppUITests.swift; sourceTree = "<group>"; };
		BEF471A7286C79B000509B8D /* ToDoAppUITestsLaunchTests.swift */ = {isa = PBXFileReference; lastKnownFileType = sourcecode.swift; path = ToDoAppUITestsLaunchTests.swift; sourceTree = "<group>"; };
		BEF471B7286C7A8400509B8D /* TaskTests.swift */ = {isa = PBXFileReference; lastKnownFileType = sourcecode.swift; path = TaskTests.swift; sourceTree = "<group>"; };
		BEF471BA286C7B0400509B8D /* Task.swift */ = {isa = PBXFileReference; lastKnownFileType = sourcecode.swift; path = Task.swift; sourceTree = "<group>"; };
		BEF471BC286C7F4500509B8D /* Location.swift */ = {isa = PBXFileReference; lastKnownFileType = sourcecode.swift; path = Location.swift; sourceTree = "<group>"; };
		BEF471BE286C803C00509B8D /* LocationTests.swift */ = {isa = PBXFileReference; lastKnownFileType = sourcecode.swift; path = LocationTests.swift; sourceTree = "<group>"; };
		BEF471C1286C86C800509B8D /* TaskManagerTests.swift */ = {isa = PBXFileReference; lastKnownFileType = sourcecode.swift; path = TaskManagerTests.swift; sourceTree = "<group>"; };
		BEF471C4286C871B00509B8D /* TaskManager.swift */ = {isa = PBXFileReference; lastKnownFileType = sourcecode.swift; path = TaskManager.swift; sourceTree = "<group>"; };
/* End PBXFileReference section */

/* Begin PBXFrameworksBuildPhase section */
		BEF4717E286C79AB00509B8D /* Frameworks */ = {
			isa = PBXFrameworksBuildPhase;
			buildActionMask = 2147483647;
			files = (
			);
			runOnlyForDeploymentPostprocessing = 0;
		};
		BEF47194286C79B000509B8D /* Frameworks */ = {
			isa = PBXFrameworksBuildPhase;
			buildActionMask = 2147483647;
			files = (
			);
			runOnlyForDeploymentPostprocessing = 0;
		};
		BEF4719E286C79B000509B8D /* Frameworks */ = {
			isa = PBXFrameworksBuildPhase;
			buildActionMask = 2147483647;
			files = (
			);
			runOnlyForDeploymentPostprocessing = 0;
		};
/* End PBXFrameworksBuildPhase section */

/* Begin PBXGroup section */
		BE5BD128286CC5F200572617 /* Controller */ = {
			isa = PBXGroup;
			children = (
				BE5BD12B286CC62F00572617 /* TaskListVCTests.swift */,
				BE5BD12F286CCE3100572617 /* DataProviderTests.swift */,
			);
			path = Controller;
			sourceTree = "<group>";
		};
		BE5BD133286DB40D00572617 /* View */ = {
			isa = PBXGroup;
			children = (
				BE5BD134286DB42100572617 /* TaskCellTests.swift */,
			);
			path = View;
			sourceTree = "<group>";
		};
		BEF47178286C79AB00509B8D = {
			isa = PBXGroup;
			children = (
				BEF47183286C79AB00509B8D /* ToDoApp */,
				BEF4719A286C79B000509B8D /* ToDoAppTests */,
				BEF471A4286C79B000509B8D /* ToDoAppUITests */,
				BEF47182286C79AB00509B8D /* Products */,
			);
			sourceTree = "<group>";
		};
		BEF47182286C79AB00509B8D /* Products */ = {
			isa = PBXGroup;
			children = (
				BEF47181286C79AB00509B8D /* ToDoApp.app */,
				BEF47197286C79B000509B8D /* ToDoAppTests.xctest */,
				BEF471A1286C79B000509B8D /* ToDoAppUITests.xctest */,
			);
			name = Products;
			sourceTree = "<group>";
		};
		BEF47183286C79AB00509B8D /* ToDoApp */ = {
			isa = PBXGroup;
			children = (
				BEF471C3286C870D00509B8D /* Manager */,
				BEF471B4286C79C400509B8D /* Model */,
				BEF471B5286C79CA00509B8D /* View */,
				BEF471B6286C79D300509B8D /* Controller */,
				BEF47184286C79AB00509B8D /* AppDelegate.swift */,
				BEF47186286C79AB00509B8D /* SceneDelegate.swift */,
				BEF4718A286C79AB00509B8D /* Main.storyboard */,
				BEF4718D286C79AF00509B8D /* Assets.xcassets */,
				BEF4718F286C79AF00509B8D /* LaunchScreen.storyboard */,
				BEF47192286C79AF00509B8D /* Info.plist */,
			);
			path = ToDoApp;
			sourceTree = "<group>";
		};
		BEF4719A286C79B000509B8D /* ToDoAppTests */ = {
			isa = PBXGroup;
			children = (
				BE5BD133286DB40D00572617 /* View */,
				BE5BD128286CC5F200572617 /* Controller */,
				BEF471C0286C86B800509B8D /* Manager */,
				BEF4719B286C79B000509B8D /* ToDoAppTests.swift */,
				BEF471B9286C7A8D00509B8D /* Model */,
			);
			path = ToDoAppTests;
			sourceTree = "<group>";
		};
		BEF471A4286C79B000509B8D /* ToDoAppUITests */ = {
			isa = PBXGroup;
			children = (
				BEF471A5286C79B000509B8D /* ToDoAppUITests.swift */,
				BEF471A7286C79B000509B8D /* ToDoAppUITestsLaunchTests.swift */,
			);
			path = ToDoAppUITests;
			sourceTree = "<group>";
		};
		BEF471B4286C79C400509B8D /* Model */ = {
			isa = PBXGroup;
			children = (
				BEF471BA286C7B0400509B8D /* Task.swift */,
				BEF471BC286C7F4500509B8D /* Location.swift */,
			);
			path = Model;
			sourceTree = "<group>";
		};
		BEF471B5286C79CA00509B8D /* View */ = {
			isa = PBXGroup;
			children = (
				BE5BD131286CD44E00572617 /* TaskCell.swift */,
			);
			path = View;
			sourceTree = "<group>";
		};
		BEF471B6286C79D300509B8D /* Controller */ = {
			isa = PBXGroup;
			children = (
				BEF47188286C79AB00509B8D /* TaskListVC.swift */,
				BE5BD12D286CCA2F00572617 /* DataProvider.swift */,
			);
			path = Controller;
			sourceTree = "<group>";
		};
		BEF471B9286C7A8D00509B8D /* Model */ = {
			isa = PBXGroup;
			children = (
				BEF471B7286C7A8400509B8D /* TaskTests.swift */,
				BEF471BE286C803C00509B8D /* LocationTests.swift */,
			);
			path = Model;
			sourceTree = "<group>";
		};
		BEF471C0286C86B800509B8D /* Manager */ = {
			isa = PBXGroup;
			children = (
				BEF471C1286C86C800509B8D /* TaskManagerTests.swift */,
			);
			path = Manager;
			sourceTree = "<group>";
		};
		BEF471C3286C870D00509B8D /* Manager */ = {
			isa = PBXGroup;
			children = (
				BEF471C4286C871B00509B8D /* TaskManager.swift */,
			);
			path = Manager;
			sourceTree = "<group>";
		};
/* End PBXGroup section */

/* Begin PBXNativeTarget section */
		BEF47180286C79AB00509B8D /* ToDoApp */ = {
			isa = PBXNativeTarget;
			buildConfigurationList = BEF471AB286C79B000509B8D /* Build configuration list for PBXNativeTarget "ToDoApp" */;
			buildPhases = (
				BEF4717D286C79AB00509B8D /* Sources */,
				BEF4717E286C79AB00509B8D /* Frameworks */,
				BEF4717F286C79AB00509B8D /* Resources */,
			);
			buildRules = (
			);
			dependencies = (
			);
			name = ToDoApp;
			productName = ToDoApp;
			productReference = BEF47181286C79AB00509B8D /* ToDoApp.app */;
			productType = "com.apple.product-type.application";
		};
		BEF47196286C79B000509B8D /* ToDoAppTests */ = {
			isa = PBXNativeTarget;
			buildConfigurationList = BEF471AE286C79B000509B8D /* Build configuration list for PBXNativeTarget "ToDoAppTests" */;
			buildPhases = (
				BEF47193286C79B000509B8D /* Sources */,
				BEF47194286C79B000509B8D /* Frameworks */,
				BEF47195286C79B000509B8D /* Resources */,
			);
			buildRules = (
			);
			dependencies = (
				BEF47199286C79B000509B8D /* PBXTargetDependency */,
			);
			name = ToDoAppTests;
			productName = ToDoAppTests;
			productReference = BEF47197286C79B000509B8D /* ToDoAppTests.xctest */;
			productType = "com.apple.product-type.bundle.unit-test";
		};
		BEF471A0286C79B000509B8D /* ToDoAppUITests */ = {
			isa = PBXNativeTarget;
			buildConfigurationList = BEF471B1286C79B000509B8D /* Build configuration list for PBXNativeTarget "ToDoAppUITests" */;
			buildPhases = (
				BEF4719D286C79B000509B8D /* Sources */,
				BEF4719E286C79B000509B8D /* Frameworks */,
				BEF4719F286C79B000509B8D /* Resources */,
			);
			buildRules = (
			);
			dependencies = (
				BEF471A3286C79B000509B8D /* PBXTargetDependency */,
			);
			name = ToDoAppUITests;
			productName = ToDoAppUITests;
			productReference = BEF471A1286C79B000509B8D /* ToDoAppUITests.xctest */;
			productType = "com.apple.product-type.bundle.ui-testing";
		};
/* End PBXNativeTarget section */

/* Begin PBXProject section */
		BEF47179286C79AB00509B8D /* Project object */ = {
			isa = PBXProject;
			attributes = {
				BuildIndependentTargetsInParallel = 1;
				LastSwiftUpdateCheck = 1340;
				LastUpgradeCheck = 1340;
				TargetAttributes = {
					BEF47180286C79AB00509B8D = {
						CreatedOnToolsVersion = 13.4.1;
					};
					BEF47196286C79B000509B8D = {
						CreatedOnToolsVersion = 13.4.1;
						TestTargetID = BEF47180286C79AB00509B8D;
					};
					BEF471A0286C79B000509B8D = {
						CreatedOnToolsVersion = 13.4.1;
						TestTargetID = BEF47180286C79AB00509B8D;
					};
				};
			};
			buildConfigurationList = BEF4717C286C79AB00509B8D /* Build configuration list for PBXProject "ToDoApp" */;
			compatibilityVersion = "Xcode 13.0";
			developmentRegion = en;
			hasScannedForEncodings = 0;
			knownRegions = (
				en,
				Base,
			);
			mainGroup = BEF47178286C79AB00509B8D;
			productRefGroup = BEF47182286C79AB00509B8D /* Products */;
			projectDirPath = "";
			projectRoot = "";
			targets = (
				BEF47180286C79AB00509B8D /* ToDoApp */,
				BEF47196286C79B000509B8D /* ToDoAppTests */,
				BEF471A0286C79B000509B8D /* ToDoAppUITests */,
			);
		};
/* End PBXProject section */

/* Begin PBXResourcesBuildPhase section */
		BEF4717F286C79AB00509B8D /* Resources */ = {
			isa = PBXResourcesBuildPhase;
			buildActionMask = 2147483647;
			files = (
				BEF47191286C79AF00509B8D /* LaunchScreen.storyboard in Resources */,
				BEF4718E286C79AF00509B8D /* Assets.xcassets in Resources */,
				BEF4718C286C79AB00509B8D /* Main.storyboard in Resources */,
			);
			runOnlyForDeploymentPostprocessing = 0;
		};
		BEF47195286C79B000509B8D /* Resources */ = {
			isa = PBXResourcesBuildPhase;
			buildActionMask = 2147483647;
			files = (
			);
			runOnlyForDeploymentPostprocessing = 0;
		};
		BEF4719F286C79B000509B8D /* Resources */ = {
			isa = PBXResourcesBuildPhase;
			buildActionMask = 2147483647;
			files = (
			);
			runOnlyForDeploymentPostprocessing = 0;
		};
/* End PBXResourcesBuildPhase section */

/* Begin PBXSourcesBuildPhase section */
		BEF4717D286C79AB00509B8D /* Sources */ = {
			isa = PBXSourcesBuildPhase;
			buildActionMask = 2147483647;
			files = (
				BEF471C5286C871B00509B8D /* TaskManager.swift in Sources */,
				BEF471BB286C7B0400509B8D /* Task.swift in Sources */,
				BEF47189286C79AB00509B8D /* TaskListVC.swift in Sources */,
				BE5BD12E286CCA2F00572617 /* DataProvider.swift in Sources */,
				BE5BD132286CD44E00572617 /* TaskCell.swift in Sources */,
				BEF471BD286C7F4500509B8D /* Location.swift in Sources */,
				BEF47185286C79AB00509B8D /* AppDelegate.swift in Sources */,
				BEF47187286C79AB00509B8D /* SceneDelegate.swift in Sources */,
			);
			runOnlyForDeploymentPostprocessing = 0;
		};
		BEF47193286C79B000509B8D /* Sources */ = {
			isa = PBXSourcesBuildPhase;
			buildActionMask = 2147483647;
			files = (
				BE5BD12C286CC62F00572617 /* TaskListVCTests.swift in Sources */,
				BEF471B8286C7A8400509B8D /* TaskTests.swift in Sources */,
				BE5BD135286DB42100572617 /* TaskCellTests.swift in Sources */,
				BE5BD130286CCE3100572617 /* DataProviderTests.swift in Sources */,
				BEF471BF286C803C00509B8D /* LocationTests.swift in Sources */,
				BEF471C2286C86C800509B8D /* TaskManagerTests.swift in Sources */,
				BEF4719C286C79B000509B8D /* ToDoAppTests.swift in Sources */,
			);
			runOnlyForDeploymentPostprocessing = 0;
		};
		BEF4719D286C79B000509B8D /* Sources */ = {
			isa = PBXSourcesBuildPhase;
			buildActionMask = 2147483647;
			files = (
				BEF471A8286C79B000509B8D /* ToDoAppUITestsLaunchTests.swift in Sources */,
				BEF471A6286C79B000509B8D /* ToDoAppUITests.swift in Sources */,
			);
			runOnlyForDeploymentPostprocessing = 0;
		};
/* End PBXSourcesBuildPhase section */

/* Begin PBXTargetDependency section */
		BEF47199286C79B000509B8D /* PBXTargetDependency */ = {
			isa = PBXTargetDependency;
			target = BEF47180286C79AB00509B8D /* ToDoApp */;
			targetProxy = BEF47198286C79B000509B8D /* PBXContainerItemProxy */;
		};
		BEF471A3286C79B000509B8D /* PBXTargetDependency */ = {
			isa = PBXTargetDependency;
			target = BEF47180286C79AB00509B8D /* ToDoApp */;
			targetProxy = BEF471A2286C79B000509B8D /* PBXContainerItemProxy */;
		};
/* End PBXTargetDependency section */

/* Begin PBXVariantGroup section */
		BEF4718A286C79AB00509B8D /* Main.storyboard */ = {
			isa = PBXVariantGroup;
			children = (
				BEF4718B286C79AB00509B8D /* Base */,
			);
			name = Main.storyboard;
			sourceTree = "<group>";
		};
		BEF4718F286C79AF00509B8D /* LaunchScreen.storyboard */ = {
			isa = PBXVariantGroup;
			children = (
				BEF47190286C79AF00509B8D /* Base */,
			);
			name = LaunchScreen.storyboard;
			sourceTree = "<group>";
		};
/* End PBXVariantGroup section */

/* Begin XCBuildConfiguration section */
		BEF471A9286C79B000509B8D /* Debug */ = {
			isa = XCBuildConfiguration;
			buildSettings = {
				ALWAYS_SEARCH_USER_PATHS = NO;
				CLANG_ANALYZER_NONNULL = YES;
				CLANG_ANALYZER_NUMBER_OBJECT_CONVERSION = YES_AGGRESSIVE;
				CLANG_CXX_LANGUAGE_STANDARD = "gnu++17";
				CLANG_ENABLE_MODULES = YES;
				CLANG_ENABLE_OBJC_ARC = YES;
				CLANG_ENABLE_OBJC_WEAK = YES;
				CLANG_WARN_BLOCK_CAPTURE_AUTORELEASING = YES;
				CLANG_WARN_BOOL_CONVERSION = YES;
				CLANG_WARN_COMMA = YES;
				CLANG_WARN_CONSTANT_CONVERSION = YES;
				CLANG_WARN_DEPRECATED_OBJC_IMPLEMENTATIONS = YES;
				CLANG_WARN_DIRECT_OBJC_ISA_USAGE = YES_ERROR;
				CLANG_WARN_DOCUMENTATION_COMMENTS = YES;
				CLANG_WARN_EMPTY_BODY = YES;
				CLANG_WARN_ENUM_CONVERSION = YES;
				CLANG_WARN_INFINITE_RECURSION = YES;
				CLANG_WARN_INT_CONVERSION = YES;
				CLANG_WARN_NON_LITERAL_NULL_CONVERSION = YES;
				CLANG_WARN_OBJC_IMPLICIT_RETAIN_SELF = YES;
				CLANG_WARN_OBJC_LITERAL_CONVERSION = YES;
				CLANG_WARN_OBJC_ROOT_CLASS = YES_ERROR;
				CLANG_WARN_QUOTED_INCLUDE_IN_FRAMEWORK_HEADER = YES;
				CLANG_WARN_RANGE_LOOP_ANALYSIS = YES;
				CLANG_WARN_STRICT_PROTOTYPES = YES;
				CLANG_WARN_SUSPICIOUS_MOVE = YES;
				CLANG_WARN_UNGUARDED_AVAILABILITY = YES_AGGRESSIVE;
				CLANG_WARN_UNREACHABLE_CODE = YES;
				CLANG_WARN__DUPLICATE_METHOD_MATCH = YES;
				COPY_PHASE_STRIP = NO;
				DEBUG_INFORMATION_FORMAT = dwarf;
				ENABLE_STRICT_OBJC_MSGSEND = YES;
				ENABLE_TESTABILITY = YES;
				GCC_C_LANGUAGE_STANDARD = gnu11;
				GCC_DYNAMIC_NO_PIC = NO;
				GCC_NO_COMMON_BLOCKS = YES;
				GCC_OPTIMIZATION_LEVEL = 0;
				GCC_PREPROCESSOR_DEFINITIONS = (
					"DEBUG=1",
					"$(inherited)",
				);
				GCC_WARN_64_TO_32_BIT_CONVERSION = YES;
				GCC_WARN_ABOUT_RETURN_TYPE = YES_ERROR;
				GCC_WARN_UNDECLARED_SELECTOR = YES;
				GCC_WARN_UNINITIALIZED_AUTOS = YES_AGGRESSIVE;
				GCC_WARN_UNUSED_FUNCTION = YES;
				GCC_WARN_UNUSED_VARIABLE = YES;
				IPHONEOS_DEPLOYMENT_TARGET = 15.5;
				MTL_ENABLE_DEBUG_INFO = INCLUDE_SOURCE;
				MTL_FAST_MATH = YES;
				ONLY_ACTIVE_ARCH = YES;
				SDKROOT = iphoneos;
				SWIFT_ACTIVE_COMPILATION_CONDITIONS = DEBUG;
				SWIFT_OPTIMIZATION_LEVEL = "-Onone";
			};
			name = Debug;
		};
		BEF471AA286C79B000509B8D /* Release */ = {
			isa = XCBuildConfiguration;
			buildSettings = {
				ALWAYS_SEARCH_USER_PATHS = NO;
				CLANG_ANALYZER_NONNULL = YES;
				CLANG_ANALYZER_NUMBER_OBJECT_CONVERSION = YES_AGGRESSIVE;
				CLANG_CXX_LANGUAGE_STANDARD = "gnu++17";
				CLANG_ENABLE_MODULES = YES;
				CLANG_ENABLE_OBJC_ARC = YES;
				CLANG_ENABLE_OBJC_WEAK = YES;
				CLANG_WARN_BLOCK_CAPTURE_AUTORELEASING = YES;
				CLANG_WARN_BOOL_CONVERSION = YES;
				CLANG_WARN_COMMA = YES;
				CLANG_WARN_CONSTANT_CONVERSION = YES;
				CLANG_WARN_DEPRECATED_OBJC_IMPLEMENTATIONS = YES;
				CLANG_WARN_DIRECT_OBJC_ISA_USAGE = YES_ERROR;
				CLANG_WARN_DOCUMENTATION_COMMENTS = YES;
				CLANG_WARN_EMPTY_BODY = YES;
				CLANG_WARN_ENUM_CONVERSION = YES;
				CLANG_WARN_INFINITE_RECURSION = YES;
				CLANG_WARN_INT_CONVERSION = YES;
				CLANG_WARN_NON_LITERAL_NULL_CONVERSION = YES;
				CLANG_WARN_OBJC_IMPLICIT_RETAIN_SELF = YES;
				CLANG_WARN_OBJC_LITERAL_CONVERSION = YES;
				CLANG_WARN_OBJC_ROOT_CLASS = YES_ERROR;
				CLANG_WARN_QUOTED_INCLUDE_IN_FRAMEWORK_HEADER = YES;
				CLANG_WARN_RANGE_LOOP_ANALYSIS = YES;
				CLANG_WARN_STRICT_PROTOTYPES = YES;
				CLANG_WARN_SUSPICIOUS_MOVE = YES;
				CLANG_WARN_UNGUARDED_AVAILABILITY = YES_AGGRESSIVE;
				CLANG_WARN_UNREACHABLE_CODE = YES;
				CLANG_WARN__DUPLICATE_METHOD_MATCH = YES;
				COPY_PHASE_STRIP = NO;
				DEBUG_INFORMATION_FORMAT = "dwarf-with-dsym";
				ENABLE_NS_ASSERTIONS = NO;
				ENABLE_STRICT_OBJC_MSGSEND = YES;
				GCC_C_LANGUAGE_STANDARD = gnu11;
				GCC_NO_COMMON_BLOCKS = YES;
				GCC_WARN_64_TO_32_BIT_CONVERSION = YES;
				GCC_WARN_ABOUT_RETURN_TYPE = YES_ERROR;
				GCC_WARN_UNDECLARED_SELECTOR = YES;
				GCC_WARN_UNINITIALIZED_AUTOS = YES_AGGRESSIVE;
				GCC_WARN_UNUSED_FUNCTION = YES;
				GCC_WARN_UNUSED_VARIABLE = YES;
				IPHONEOS_DEPLOYMENT_TARGET = 15.5;
				MTL_ENABLE_DEBUG_INFO = NO;
				MTL_FAST_MATH = YES;
				SDKROOT = iphoneos;
				SWIFT_COMPILATION_MODE = wholemodule;
				SWIFT_OPTIMIZATION_LEVEL = "-O";
				VALIDATE_PRODUCT = YES;
			};
			name = Release;
		};
		BEF471AC286C79B000509B8D /* Debug */ = {
			isa = XCBuildConfiguration;
			buildSettings = {
				ASSETCATALOG_COMPILER_APPICON_NAME = AppIcon;
				ASSETCATALOG_COMPILER_GLOBAL_ACCENT_COLOR_NAME = AccentColor;
				CODE_SIGN_STYLE = Automatic;
				CURRENT_PROJECT_VERSION = 1;
				DEVELOPMENT_TEAM = H5W6DUL8QB;
				GENERATE_INFOPLIST_FILE = YES;
				INFOPLIST_FILE = ToDoApp/Info.plist;
				INFOPLIST_KEY_UIApplicationSupportsIndirectInputEvents = YES;
				INFOPLIST_KEY_UILaunchStoryboardName = LaunchScreen;
				INFOPLIST_KEY_UIMainStoryboardFile = Main;
				INFOPLIST_KEY_UISupportedInterfaceOrientations_iPad = "UIInterfaceOrientationPortrait UIInterfaceOrientationPortraitUpsideDown UIInterfaceOrientationLandscapeLeft UIInterfaceOrientationLandscapeRight";
				INFOPLIST_KEY_UISupportedInterfaceOrientations_iPhone = "UIInterfaceOrientationPortrait UIInterfaceOrientationLandscapeLeft UIInterfaceOrientationLandscapeRight";
				LD_RUNPATH_SEARCH_PATHS = (
					"$(inherited)",
					"@executable_path/Frameworks",
				);
				MARKETING_VERSION = 1.0;
				PRODUCT_BUNDLE_IDENTIFIER = "Vinyar-project.ToDoApp";
				PRODUCT_NAME = "$(TARGET_NAME)";
				SWIFT_EMIT_LOC_STRINGS = YES;
				SWIFT_VERSION = 5.0;
				TARGETED_DEVICE_FAMILY = "1,2";
			};
			name = Debug;
		};
		BEF471AD286C79B000509B8D /* Release */ = {
			isa = XCBuildConfiguration;
			buildSettings = {
				ASSETCATALOG_COMPILER_APPICON_NAME = AppIcon;
				ASSETCATALOG_COMPILER_GLOBAL_ACCENT_COLOR_NAME = AccentColor;
				CODE_SIGN_STYLE = Automatic;
				CURRENT_PROJECT_VERSION = 1;
				DEVELOPMENT_TEAM = H5W6DUL8QB;
				GENERATE_INFOPLIST_FILE = YES;
				INFOPLIST_FILE = ToDoApp/Info.plist;
				INFOPLIST_KEY_UIApplicationSupportsIndirectInputEvents = YES;
				INFOPLIST_KEY_UILaunchStoryboardName = LaunchScreen;
				INFOPLIST_KEY_UIMainStoryboardFile = Main;
				INFOPLIST_KEY_UISupportedInterfaceOrientations_iPad = "UIInterfaceOrientationPortrait UIInterfaceOrientationPortraitUpsideDown UIInterfaceOrientationLandscapeLeft UIInterfaceOrientationLandscapeRight";
				INFOPLIST_KEY_UISupportedInterfaceOrientations_iPhone = "UIInterfaceOrientationPortrait UIInterfaceOrientationLandscapeLeft UIInterfaceOrientationLandscapeRight";
				LD_RUNPATH_SEARCH_PATHS = (
					"$(inherited)",
					"@executable_path/Frameworks",
				);
				MARKETING_VERSION = 1.0;
				PRODUCT_BUNDLE_IDENTIFIER = "Vinyar-project.ToDoApp";
				PRODUCT_NAME = "$(TARGET_NAME)";
				SWIFT_EMIT_LOC_STRINGS = YES;
				SWIFT_VERSION = 5.0;
				TARGETED_DEVICE_FAMILY = "1,2";
			};
			name = Release;
		};
		BEF471AF286C79B000509B8D /* Debug */ = {
			isa = XCBuildConfiguration;
			buildSettings = {
				ALWAYS_EMBED_SWIFT_STANDARD_LIBRARIES = YES;
				BUNDLE_LOADER = "$(TEST_HOST)";
				CODE_SIGN_STYLE = Automatic;
				CURRENT_PROJECT_VERSION = 1;
				DEVELOPMENT_TEAM = H5W6DUL8QB;
				GENERATE_INFOPLIST_FILE = YES;
				IPHONEOS_DEPLOYMENT_TARGET = 15.5;
				MARKETING_VERSION = 1.0;
				PRODUCT_BUNDLE_IDENTIFIER = "Vinyar-project.ToDoAppTests";
				PRODUCT_NAME = "$(TARGET_NAME)";
				SWIFT_EMIT_LOC_STRINGS = NO;
				SWIFT_VERSION = 5.0;
				TARGETED_DEVICE_FAMILY = "1,2";
				TEST_HOST = "$(BUILT_PRODUCTS_DIR)/ToDoApp.app/ToDoApp";
			};
			name = Debug;
		};
		BEF471B0286C79B000509B8D /* Release */ = {
			isa = XCBuildConfiguration;
			buildSettings = {
				ALWAYS_EMBED_SWIFT_STANDARD_LIBRARIES = YES;
				BUNDLE_LOADER = "$(TEST_HOST)";
				CODE_SIGN_STYLE = Automatic;
				CURRENT_PROJECT_VERSION = 1;
				DEVELOPMENT_TEAM = H5W6DUL8QB;
				GENERATE_INFOPLIST_FILE = YES;
				IPHONEOS_DEPLOYMENT_TARGET = 15.5;
				MARKETING_VERSION = 1.0;
				PRODUCT_BUNDLE_IDENTIFIER = "Vinyar-project.ToDoAppTests";
				PRODUCT_NAME = "$(TARGET_NAME)";
				SWIFT_EMIT_LOC_STRINGS = NO;
				SWIFT_VERSION = 5.0;
				TARGETED_DEVICE_FAMILY = "1,2";
				TEST_HOST = "$(BUILT_PRODUCTS_DIR)/ToDoApp.app/ToDoApp";
			};
			name = Release;
		};
		BEF471B2286C79B000509B8D /* Debug */ = {
			isa = XCBuildConfiguration;
			buildSettings = {
				ALWAYS_EMBED_SWIFT_STANDARD_LIBRARIES = YES;
				CODE_SIGN_STYLE = Automatic;
				CURRENT_PROJECT_VERSION = 1;
				DEVELOPMENT_TEAM = H5W6DUL8QB;
				GENERATE_INFOPLIST_FILE = YES;
				MARKETING_VERSION = 1.0;
				PRODUCT_BUNDLE_IDENTIFIER = "Vinyar-project.ToDoAppUITests";
				PRODUCT_NAME = "$(TARGET_NAME)";
				SWIFT_EMIT_LOC_STRINGS = NO;
				SWIFT_VERSION = 5.0;
				TARGETED_DEVICE_FAMILY = "1,2";
				TEST_TARGET_NAME = ToDoApp;
			};
			name = Debug;
		};
		BEF471B3286C79B000509B8D /* Release */ = {
			isa = XCBuildConfiguration;
			buildSettings = {
				ALWAYS_EMBED_SWIFT_STANDARD_LIBRARIES = YES;
				CODE_SIGN_STYLE = Automatic;
				CURRENT_PROJECT_VERSION = 1;
				DEVELOPMENT_TEAM = H5W6DUL8QB;
				GENERATE_INFOPLIST_FILE = YES;
				MARKETING_VERSION = 1.0;
				PRODUCT_BUNDLE_IDENTIFIER = "Vinyar-project.ToDoAppUITests";
				PRODUCT_NAME = "$(TARGET_NAME)";
				SWIFT_EMIT_LOC_STRINGS = NO;
				SWIFT_VERSION = 5.0;
				TARGETED_DEVICE_FAMILY = "1,2";
				TEST_TARGET_NAME = ToDoApp;
			};
			name = Release;
		};
/* End XCBuildConfiguration section */

/* Begin XCConfigurationList section */
		BEF4717C286C79AB00509B8D /* Build configuration list for PBXProject "ToDoApp" */ = {
			isa = XCConfigurationList;
			buildConfigurations = (
				BEF471A9286C79B000509B8D /* Debug */,
				BEF471AA286C79B000509B8D /* Release */,
			);
			defaultConfigurationIsVisible = 0;
			defaultConfigurationName = Release;
		};
		BEF471AB286C79B000509B8D /* Build configuration list for PBXNativeTarget "ToDoApp" */ = {
			isa = XCConfigurationList;
			buildConfigurations = (
				BEF471AC286C79B000509B8D /* Debug */,
				BEF471AD286C79B000509B8D /* Release */,
			);
			defaultConfigurationIsVisible = 0;
			defaultConfigurationName = Release;
		};
		BEF471AE286C79B000509B8D /* Build configuration list for PBXNativeTarget "ToDoAppTests" */ = {
			isa = XCConfigurationList;
			buildConfigurations = (
				BEF471AF286C79B000509B8D /* Debug */,
				BEF471B0286C79B000509B8D /* Release */,
			);
			defaultConfigurationIsVisible = 0;
			defaultConfigurationName = Release;
		};
		BEF471B1286C79B000509B8D /* Build configuration list for PBXNativeTarget "ToDoAppUITests" */ = {
			isa = XCConfigurationList;
			buildConfigurations = (
				BEF471B2286C79B000509B8D /* Debug */,
				BEF471B3286C79B000509B8D /* Release */,
			);
			defaultConfigurationIsVisible = 0;
			defaultConfigurationName = Release;
		};
/* End XCConfigurationList section */
	};
	rootObject = BEF47179286C79AB00509B8D /* Project object */;
}
